
Microsoft Visual Studio Solution File, Format Version 12.00
# Visual Studio 15
VisualStudioVersion = 15.0.28010.2016
MinimumVisualStudioVersion = 10.0.40219.1
Project("{9A19103F-16F7-4668-BE54-9A1E7A4F7556}") = "ScribanCsvTemplateEngine", "ScribanCsvTemplateEngine\ScribanCsvTemplateEngine.csproj", "{3D60F9D5-E669-4BCC-919B-6F38AC0D7D80}"
EndProject
Global
	GlobalSection(SolutionConfigurationPlatforms) = preSolution
		Debug|Any CPU = Debug|Any CPU
		Release|Any CPU = Release|Any CPU
	EndGlobalSection
	GlobalSection(ProjectConfigurationPlatforms) = postSolution
		{3D60F9D5-E669-4BCC-919B-6F38AC0D7D80}.Debug|Any CPU.ActiveCfg = Debug|Any CPU
		{3D60F9D5-E669-4BCC-919B-6F38AC0D7D80}.Debug|Any CPU.Build.0 = Debug|Any CPU
		{3D60F9D5-E669-4BCC-919B-6F38AC0D7D80}.Release|Any CPU.ActiveCfg = Release|Any CPU
		{3D60F9D5-E669-4BCC-919B-6F38AC0D7D80}.Release|Any CPU.Build.0 = Release|Any CPU
	EndGlobalSection
	GlobalSection(SolutionProperties) = preSolution
		HideSolutionNode = FALSE
	EndGlobalSection
	GlobalSection(ExtensibilityGlobals) = postSolution
		SolutionGuid = {0E95AC86-2B8A-49A2-9E79-9FD3F4418A3C}
	EndGlobalSection
EndGlobal
